// !$*UTF8*$!
{
	archiveVersion = 1;
	classes = {
	};
	objectVersion = 56;
	objects = {

/* Begin PBXBuildFile section */
		8991B7642C7B8674004D2B5D /* AppDelegate.swift in Sources */ = {isa = PBXBuildFile; fileRef = 8991B7632C7B8674004D2B5D /* AppDelegate.swift */; };
		8991B7662C7B8674004D2B5D /* SceneDelegate.swift in Sources */ = {isa = PBXBuildFile; fileRef = 8991B7652C7B8674004D2B5D /* SceneDelegate.swift */; };
		8991B7682C7B8674004D2B5D /* ViewController.swift in Sources */ = {isa = PBXBuildFile; fileRef = 8991B7672C7B8674004D2B5D /* ViewController.swift */; };
		8991B76B2C7B8674004D2B5D /* Main.storyboard in Resources */ = {isa = PBXBuildFile; fileRef = 8991B7692C7B8674004D2B5D /* Main.storyboard */; };
		8991B76E2C7B8674004D2B5D /* Walmart_Assessment.xcdatamodeld in Sources */ = {isa = PBXBuildFile; fileRef = 8991B76C2C7B8674004D2B5D /* Walmart_Assessment.xcdatamodeld */; };
		8991B7702C7B867F004D2B5D /* Assets.xcassets in Resources */ = {isa = PBXBuildFile; fileRef = 8991B76F2C7B867F004D2B5D /* Assets.xcassets */; };
		8991B7732C7B867F004D2B5D /* LaunchScreen.storyboard in Resources */ = {isa = PBXBuildFile; fileRef = 8991B7712C7B867F004D2B5D /* LaunchScreen.storyboard */; };
		8991B7832C7B8807004D2B5D /* CDNasa+CoreDataClass.swift in Sources */ = {isa = PBXBuildFile; fileRef = 8991B7812C7B8807004D2B5D /* CDNasa+CoreDataClass.swift */; };
		8991B7842C7B8807004D2B5D /* CDNasa+CoreDataProperties.swift in Sources */ = {isa = PBXBuildFile; fileRef = 8991B7822C7B8807004D2B5D /* CDNasa+CoreDataProperties.swift */; };
		8991B7862C7B8889004D2B5D /* Reachability.swift in Sources */ = {isa = PBXBuildFile; fileRef = 8991B7852C7B8889004D2B5D /* Reachability.swift */; };
		8991B7882C7B88EF004D2B5D /* PersistentStorage.swift in Sources */ = {isa = PBXBuildFile; fileRef = 8991B7872C7B88EF004D2B5D /* PersistentStorage.swift */; };
		8991B78A2C7B89C1004D2B5D /* CoreDataRepository.swift in Sources */ = {isa = PBXBuildFile; fileRef = 8991B7892C7B89C1004D2B5D /* CoreDataRepository.swift */; };
		8991B78C2C7B8A04004D2B5D /* CoreDataModel.swift in Sources */ = {isa = PBXBuildFile; fileRef = 8991B78B2C7B8A04004D2B5D /* CoreDataModel.swift */; };
		8991B78F2C7B8BBB004D2B5D /* CoreDataManager.swift in Sources */ = {isa = PBXBuildFile; fileRef = 8991B78E2C7B8BBB004D2B5D /* CoreDataManager.swift */; };
		8991B7912C7B8BEF004D2B5D /* ResponseModel.swift in Sources */ = {isa = PBXBuildFile; fileRef = 8991B7902C7B8BEF004D2B5D /* ResponseModel.swift */; };
		8991B7932C7B8C24004D2B5D /* UserRepository.swift in Sources */ = {isa = PBXBuildFile; fileRef = 8991B7922C7B8C24004D2B5D /* UserRepository.swift */; };
		8991B7952C7B8C72004D2B5D /* NetworkManager.swift in Sources */ = {isa = PBXBuildFile; fileRef = 8991B7942C7B8C72004D2B5D /* NetworkManager.swift */; };
		8991B7972C7B8CAA004D2B5D /* ViewModel.swift in Sources */ = {isa = PBXBuildFile; fileRef = 8991B7962C7B8CAA004D2B5D /* ViewModel.swift */; };
		89A4045A2C7B96CC0073E980 /* Constants.swift in Sources */ = {isa = PBXBuildFile; fileRef = 89A404592C7B96CC0073E980 /* Constants.swift */; };
/* End PBXBuildFile section */

/* Begin PBXFileReference section */
		8991B7602C7B8674004D2B5D /* Walmart_Assessment.app */ = {isa = PBXFileReference; explicitFileType = wrapper.application; includeInIndex = 0; path = Walmart_Assessment.app; sourceTree = BUILT_PRODUCTS_DIR; };
		8991B7632C7B8674004D2B5D /* AppDelegate.swift */ = {isa = PBXFileReference; lastKnownFileType = sourcecode.swift; path = AppDelegate.swift; sourceTree = "<group>"; };
		8991B7652C7B8674004D2B5D /* SceneDelegate.swift */ = {isa = PBXFileReference; lastKnownFileType = sourcecode.swift; path = SceneDelegate.swift; sourceTree = "<group>"; };
		8991B7672C7B8674004D2B5D /* ViewController.swift */ = {isa = PBXFileReference; lastKnownFileType = sourcecode.swift; path = ViewController.swift; sourceTree = "<group>"; };
		8991B76A2C7B8674004D2B5D /* Base */ = {isa = PBXFileReference; lastKnownFileType = file.storyboard; name = Base; path = Base.lproj/Main.storyboard; sourceTree = "<group>"; };
		8991B76D2C7B8674004D2B5D /* Walmart_Assessment.xcdatamodel */ = {isa = PBXFileReference; lastKnownFileType = wrapper.xcdatamodel; path = Walmart_Assessment.xcdatamodel; sourceTree = "<group>"; };
		8991B76F2C7B867F004D2B5D /* Assets.xcassets */ = {isa = PBXFileReference; lastKnownFileType = folder.assetcatalog; path = Assets.xcassets; sourceTree = "<group>"; };
		8991B7722C7B867F004D2B5D /* Base */ = {isa = PBXFileReference; lastKnownFileType = file.storyboard; name = Base; path = Base.lproj/LaunchScreen.storyboard; sourceTree = "<group>"; };
		8991B7742C7B867F004D2B5D /* Info.plist */ = {isa = PBXFileReference; lastKnownFileType = text.plist.xml; path = Info.plist; sourceTree = "<group>"; };
		8991B7812C7B8807004D2B5D /* CDNasa+CoreDataClass.swift */ = {isa = PBXFileReference; lastKnownFileType = sourcecode.swift; path = "CDNasa+CoreDataClass.swift"; sourceTree = SOURCE_ROOT; };
		8991B7822C7B8807004D2B5D /* CDNasa+CoreDataProperties.swift */ = {isa = PBXFileReference; lastKnownFileType = sourcecode.swift; path = "CDNasa+CoreDataProperties.swift"; sourceTree = SOURCE_ROOT; };
		8991B7852C7B8889004D2B5D /* Reachability.swift */ = {isa = PBXFileReference; lastKnownFileType = sourcecode.swift; path = Reachability.swift; sourceTree = "<group>"; };
		8991B7872C7B88EF004D2B5D /* PersistentStorage.swift */ = {isa = PBXFileReference; lastKnownFileType = sourcecode.swift; path = PersistentStorage.swift; sourceTree = "<group>"; };
		8991B7892C7B89C1004D2B5D /* CoreDataRepository.swift */ = {isa = PBXFileReference; lastKnownFileType = sourcecode.swift; path = CoreDataRepository.swift; sourceTree = "<group>"; };
		8991B78B2C7B8A04004D2B5D /* CoreDataModel.swift */ = {isa = PBXFileReference; lastKnownFileType = sourcecode.swift; path = CoreDataModel.swift; sourceTree = "<group>"; };
		8991B78E2C7B8BBB004D2B5D /* CoreDataManager.swift */ = {isa = PBXFileReference; lastKnownFileType = sourcecode.swift; path = CoreDataManager.swift; sourceTree = "<group>"; };
		8991B7902C7B8BEF004D2B5D /* ResponseModel.swift */ = {isa = PBXFileReference; lastKnownFileType = sourcecode.swift; path = ResponseModel.swift; sourceTree = "<group>"; };
		8991B7922C7B8C24004D2B5D /* UserRepository.swift */ = {isa = PBXFileReference; lastKnownFileType = sourcecode.swift; path = UserRepository.swift; sourceTree = "<group>"; };
		8991B7942C7B8C72004D2B5D /* NetworkManager.swift */ = {isa = PBXFileReference; lastKnownFileType = sourcecode.swift; path = NetworkManager.swift; sourceTree = "<group>"; };
		8991B7962C7B8CAA004D2B5D /* ViewModel.swift */ = {isa = PBXFileReference; lastKnownFileType = sourcecode.swift; path = ViewModel.swift; sourceTree = "<group>"; };
		89A404592C7B96CC0073E980 /* Constants.swift */ = {isa = PBXFileReference; lastKnownFileType = sourcecode.swift; path = Constants.swift; sourceTree = "<group>"; };
/* End PBXFileReference section */

/* Begin PBXFrameworksBuildPhase section */
		8991B75D2C7B8674004D2B5D /* Frameworks */ = {
			isa = PBXFrameworksBuildPhase;
			buildActionMask = 2147483647;
			files = (
			);
			runOnlyForDeploymentPostprocessing = 0;
		};
/* End PBXFrameworksBuildPhase section */

/* Begin PBXGroup section */
		8991B7572C7B8673004D2B5D = {
			isa = PBXGroup;
			children = (
				8991B7622C7B8674004D2B5D /* Walmart_Assessment */,
				8991B7612C7B8674004D2B5D /* Products */,
			);
			sourceTree = "<group>";
		};
		8991B7612C7B8674004D2B5D /* Products */ = {
			isa = PBXGroup;
			children = (
				8991B7602C7B8674004D2B5D /* Walmart_Assessment.app */,
			);
			name = Products;
			sourceTree = "<group>";
		};
		8991B7622C7B8674004D2B5D /* Walmart_Assessment */ = {
			isa = PBXGroup;
			children = (
				8991B77A2C7B86AB004D2B5D /* Model */,
				8991B77B2C7B86B4004D2B5D /* View */,
				8991B77C2C7B86BC004D2B5D /* ViewModel */,
				8991B77F2C7B8707004D2B5D /* CoreDataSupportFiles */,
				8991B77E2C7B86EE004D2B5D /* Repository */,
				8991B78D2C7B8BA5004D2B5D /* Manager */,
				8991B77D2C7B86E0004D2B5D /* NetworkManager */,
				8991B7632C7B8674004D2B5D /* AppDelegate.swift */,
				8991B7652C7B8674004D2B5D /* SceneDelegate.swift */,
				8991B7692C7B8674004D2B5D /* Main.storyboard */,
				8991B76F2C7B867F004D2B5D /* Assets.xcassets */,
				8991B7712C7B867F004D2B5D /* LaunchScreen.storyboard */,
				8991B7742C7B867F004D2B5D /* Info.plist */,
				8991B76C2C7B8674004D2B5D /* Walmart_Assessment.xcdatamodeld */,
			);
			path = Walmart_Assessment;
			sourceTree = "<group>";
		};
		8991B77A2C7B86AB004D2B5D /* Model */ = {
			isa = PBXGroup;
			children = (
				8991B78B2C7B8A04004D2B5D /* CoreDataModel.swift */,
				8991B7902C7B8BEF004D2B5D /* ResponseModel.swift */,
			);
			name = Model;
			sourceTree = "<group>";
		};
		8991B77B2C7B86B4004D2B5D /* View */ = {
			isa = PBXGroup;
			children = (
				8991B7672C7B8674004D2B5D /* ViewController.swift */,
			);
			name = View;
			sourceTree = "<group>";
		};
		8991B77C2C7B86BC004D2B5D /* ViewModel */ = {
			isa = PBXGroup;
			children = (
				8991B7962C7B8CAA004D2B5D /* ViewModel.swift */,
			);
			name = ViewModel;
			sourceTree = "<group>";
		};
		8991B77D2C7B86E0004D2B5D /* NetworkManager */ = {
			isa = PBXGroup;
			children = (
				8991B7802C7B872A004D2B5D /* SupportFiles */,
				8991B7942C7B8C72004D2B5D /* NetworkManager.swift */,
			);
			name = NetworkManager;
			sourceTree = "<group>";
		};
		8991B77E2C7B86EE004D2B5D /* Repository */ = {
			isa = PBXGroup;
			children = (
				8991B7892C7B89C1004D2B5D /* CoreDataRepository.swift */,
				8991B7922C7B8C24004D2B5D /* UserRepository.swift */,
			);
			name = Repository;
			sourceTree = "<group>";
		};
		8991B77F2C7B8707004D2B5D /* CoreDataSupportFiles */ = {
			isa = PBXGroup;
			children = (
				8991B7812C7B8807004D2B5D /* CDNasa+CoreDataClass.swift */,
				8991B7822C7B8807004D2B5D /* CDNasa+CoreDataProperties.swift */,
				8991B7872C7B88EF004D2B5D /* PersistentStorage.swift */,
			);
			name = CoreDataSupportFiles;
			sourceTree = "<group>";
		};
		8991B7802C7B872A004D2B5D /* SupportFiles */ = {
			isa = PBXGroup;
			children = (
				8991B7852C7B8889004D2B5D /* Reachability.swift */,
				89A404592C7B96CC0073E980 /* Constants.swift */,
			);
			name = SupportFiles;
			sourceTree = "<group>";
		};
		8991B78D2C7B8BA5004D2B5D /* Manager */ = {
			isa = PBXGroup;
			children = (
				8991B78E2C7B8BBB004D2B5D /* CoreDataManager.swift */,
			);
			name = Manager;
			sourceTree = "<group>";
		};
/* End PBXGroup section */

/* Begin PBXNativeTarget section */
		8991B75F2C7B8674004D2B5D /* Walmart_Assessment */ = {
			isa = PBXNativeTarget;
			buildConfigurationList = 8991B7772C7B867F004D2B5D /* Build configuration list for PBXNativeTarget "Walmart_Assessment" */;
			buildPhases = (
				8991B75C2C7B8674004D2B5D /* Sources */,
				8991B75D2C7B8674004D2B5D /* Frameworks */,
				8991B75E2C7B8674004D2B5D /* Resources */,
			);
			buildRules = (
			);
			dependencies = (
			);
			name = Walmart_Assessment;
			productName = Walmart_Assessment;
			productReference = 8991B7602C7B8674004D2B5D /* Walmart_Assessment.app */;
			productType = "com.apple.product-type.application";
		};
/* End PBXNativeTarget section */

/* Begin PBXProject section */
		8991B7582C7B8673004D2B5D /* Project object */ = {
			isa = PBXProject;
			attributes = {
				BuildIndependentTargetsInParallel = 1;
				LastSwiftUpdateCheck = 1420;
				LastUpgradeCheck = 1420;
				TargetAttributes = {
					8991B75F2C7B8674004D2B5D = {
						CreatedOnToolsVersion = 14.2;
					};
				};
			};
			buildConfigurationList = 8991B75B2C7B8673004D2B5D /* Build configuration list for PBXProject "Walmart_Assessment" */;
			compatibilityVersion = "Xcode 14.0";
			developmentRegion = en;
			hasScannedForEncodings = 0;
			knownRegions = (
				en,
				Base,
			);
			mainGroup = 8991B7572C7B8673004D2B5D;
			productRefGroup = 8991B7612C7B8674004D2B5D /* Products */;
			projectDirPath = "";
			projectRoot = "";
			targets = (
				8991B75F2C7B8674004D2B5D /* Walmart_Assessment */,
			);
		};
/* End PBXProject section */

/* Begin PBXResourcesBuildPhase section */
		8991B75E2C7B8674004D2B5D /* Resources */ = {
			isa = PBXResourcesBuildPhase;
			buildActionMask = 2147483647;
			files = (
				8991B7732C7B867F004D2B5D /* LaunchScreen.storyboard in Resources */,
				8991B7702C7B867F004D2B5D /* Assets.xcassets in Resources */,
				8991B76B2C7B8674004D2B5D /* Main.storyboard in Resources */,
			);
			runOnlyForDeploymentPostprocessing = 0;
		};
/* End PBXResourcesBuildPhase section */

/* Begin PBXSourcesBuildPhase section */
		8991B75C2C7B8674004D2B5D /* Sources */ = {
			isa = PBXSourcesBuildPhase;
			buildActionMask = 2147483647;
			files = (
				8991B7932C7B8C24004D2B5D /* UserRepository.swift in Sources */,
				8991B7882C7B88EF004D2B5D /* PersistentStorage.swift in Sources */,
				8991B78A2C7B89C1004D2B5D /* CoreDataRepository.swift in Sources */,
				8991B7862C7B8889004D2B5D /* Reachability.swift in Sources */,
				8991B7832C7B8807004D2B5D /* CDNasa+CoreDataClass.swift in Sources */,
				8991B7842C7B8807004D2B5D /* CDNasa+CoreDataProperties.swift in Sources */,
				8991B76E2C7B8674004D2B5D /* Walmart_Assessment.xcdatamodeld in Sources */,
				89A4045A2C7B96CC0073E980 /* Constants.swift in Sources */,
				8991B7682C7B8674004D2B5D /* ViewController.swift in Sources */,
				8991B7642C7B8674004D2B5D /* AppDelegate.swift in Sources */,
				8991B78C2C7B8A04004D2B5D /* CoreDataModel.swift in Sources */,
				8991B7972C7B8CAA004D2B5D /* ViewModel.swift in Sources */,
				8991B7952C7B8C72004D2B5D /* NetworkManager.swift in Sources */,
				8991B7662C7B8674004D2B5D /* SceneDelegate.swift in Sources */,
				8991B7912C7B8BEF004D2B5D /* ResponseModel.swift in Sources */,
				8991B78F2C7B8BBB004D2B5D /* CoreDataManager.swift in Sources */,
			);
			runOnlyForDeploymentPostprocessing = 0;
		};
/* End PBXSourcesBuildPhase section */

/* Begin PBXVariantGroup section */
		8991B7692C7B8674004D2B5D /* Main.storyboard */ = {
			isa = PBXVariantGroup;
			children = (
				8991B76A2C7B8674004D2B5D /* Base */,
			);
			name = Main.storyboard;
			sourceTree = "<group>";
		};
		8991B7712C7B867F004D2B5D /* LaunchScreen.storyboard */ = {
			isa = PBXVariantGroup;
			children = (
				8991B7722C7B867F004D2B5D /* Base */,
			);
			name = LaunchScreen.storyboard;
			sourceTree = "<group>";
		};
/* End PBXVariantGroup section */

/* Begin XCBuildConfiguration section */
		8991B7752C7B867F004D2B5D /* Debug */ = {
			isa = XCBuildConfiguration;
			buildSettings = {
				ALWAYS_SEARCH_USER_PATHS = NO;
				CLANG_ANALYZER_NONNULL = YES;
				CLANG_ANALYZER_NUMBER_OBJECT_CONVERSION = YES_AGGRESSIVE;
				CLANG_CXX_LANGUAGE_STANDARD = "gnu++20";
				CLANG_ENABLE_MODULES = YES;
				CLANG_ENABLE_OBJC_ARC = YES;
				CLANG_ENABLE_OBJC_WEAK = YES;
				CLANG_WARN_BLOCK_CAPTURE_AUTORELEASING = YES;
				CLANG_WARN_BOOL_CONVERSION = YES;
				CLANG_WARN_COMMA = YES;
				CLANG_WARN_CONSTANT_CONVERSION = YES;
				CLANG_WARN_DEPRECATED_OBJC_IMPLEMENTATIONS = YES;
				CLANG_WARN_DIRECT_OBJC_ISA_USAGE = YES_ERROR;
				CLANG_WARN_DOCUMENTATION_COMMENTS = YES;
				CLANG_WARN_EMPTY_BODY = YES;
				CLANG_WARN_ENUM_CONVERSION = YES;
				CLANG_WARN_INFINITE_RECURSION = YES;
				CLANG_WARN_INT_CONVERSION = YES;
				CLANG_WARN_NON_LITERAL_NULL_CONVERSION = YES;
				CLANG_WARN_OBJC_IMPLICIT_RETAIN_SELF = YES;
				CLANG_WARN_OBJC_LITERAL_CONVERSION = YES;
				CLANG_WARN_OBJC_ROOT_CLASS = YES_ERROR;
				CLANG_WARN_QUOTED_INCLUDE_IN_FRAMEWORK_HEADER = YES;
				CLANG_WARN_RANGE_LOOP_ANALYSIS = YES;
				CLANG_WARN_STRICT_PROTOTYPES = YES;
				CLANG_WARN_SUSPICIOUS_MOVE = YES;
				CLANG_WARN_UNGUARDED_AVAILABILITY = YES_AGGRESSIVE;
				CLANG_WARN_UNREACHABLE_CODE = YES;
				CLANG_WARN__DUPLICATE_METHOD_MATCH = YES;
				COPY_PHASE_STRIP = NO;
				DEBUG_INFORMATION_FORMAT = dwarf;
				ENABLE_STRICT_OBJC_MSGSEND = YES;
				ENABLE_TESTABILITY = YES;
				GCC_C_LANGUAGE_STANDARD = gnu11;
				GCC_DYNAMIC_NO_PIC = NO;
				GCC_NO_COMMON_BLOCKS = YES;
				GCC_OPTIMIZATION_LEVEL = 0;
				GCC_PREPROCESSOR_DEFINITIONS = (
					"DEBUG=1",
					"$(inherited)",
				);
				GCC_WARN_64_TO_32_BIT_CONVERSION = YES;
				GCC_WARN_ABOUT_RETURN_TYPE = YES_ERROR;
				GCC_WARN_UNDECLARED_SELECTOR = YES;
				GCC_WARN_UNINITIALIZED_AUTOS = YES_AGGRESSIVE;
				GCC_WARN_UNUSED_FUNCTION = YES;
				GCC_WARN_UNUSED_VARIABLE = YES;
				IPHONEOS_DEPLOYMENT_TARGET = 16.2;
				MTL_ENABLE_DEBUG_INFO = INCLUDE_SOURCE;
				MTL_FAST_MATH = YES;
				ONLY_ACTIVE_ARCH = YES;
				SDKROOT = iphoneos;
				SWIFT_ACTIVE_COMPILATION_CONDITIONS = DEBUG;
				SWIFT_OPTIMIZATION_LEVEL = "-Onone";
			};
			name = Debug;
		};
		8991B7762C7B867F004D2B5D /* Release */ = {
			isa = XCBuildConfiguration;
			buildSettings = {
				ALWAYS_SEARCH_USER_PATHS = NO;
				CLANG_ANALYZER_NONNULL = YES;
				CLANG_ANALYZER_NUMBER_OBJECT_CONVERSION = YES_AGGRESSIVE;
				CLANG_CXX_LANGUAGE_STANDARD = "gnu++20";
				CLANG_ENABLE_MODULES = YES;
				CLANG_ENABLE_OBJC_ARC = YES;
				CLANG_ENABLE_OBJC_WEAK = YES;
				CLANG_WARN_BLOCK_CAPTURE_AUTORELEASING = YES;
				CLANG_WARN_BOOL_CONVERSION = YES;
				CLANG_WARN_COMMA = YES;
				CLANG_WARN_CONSTANT_CONVERSION = YES;
				CLANG_WARN_DEPRECATED_OBJC_IMPLEMENTATIONS = YES;
				CLANG_WARN_DIRECT_OBJC_ISA_USAGE = YES_ERROR;
				CLANG_WARN_DOCUMENTATION_COMMENTS = YES;
				CLANG_WARN_EMPTY_BODY = YES;
				CLANG_WARN_ENUM_CONVERSION = YES;
				CLANG_WARN_INFINITE_RECURSION = YES;
				CLANG_WARN_INT_CONVERSION = YES;
				CLANG_WARN_NON_LITERAL_NULL_CONVERSION = YES;
				CLANG_WARN_OBJC_IMPLICIT_RETAIN_SELF = YES;
				CLANG_WARN_OBJC_LITERAL_CONVERSION = YES;
				CLANG_WARN_OBJC_ROOT_CLASS = YES_ERROR;
				CLANG_WARN_QUOTED_INCLUDE_IN_FRAMEWORK_HEADER = YES;
				CLANG_WARN_RANGE_LOOP_ANALYSIS = YES;
				CLANG_WARN_STRICT_PROTOTYPES = YES;
				CLANG_WARN_SUSPICIOUS_MOVE = YES;
				CLANG_WARN_UNGUARDED_AVAILABILITY = YES_AGGRESSIVE;
				CLANG_WARN_UNREACHABLE_CODE = YES;
				CLANG_WARN__DUPLICATE_METHOD_MATCH = YES;
				COPY_PHASE_STRIP = NO;
				DEBUG_INFORMATION_FORMAT = "dwarf-with-dsym";
				ENABLE_NS_ASSERTIONS = NO;
				ENABLE_STRICT_OBJC_MSGSEND = YES;
				GCC_C_LANGUAGE_STANDARD = gnu11;
				GCC_NO_COMMON_BLOCKS = YES;
				GCC_WARN_64_TO_32_BIT_CONVERSION = YES;
				GCC_WARN_ABOUT_RETURN_TYPE = YES_ERROR;
				GCC_WARN_UNDECLARED_SELECTOR = YES;
				GCC_WARN_UNINITIALIZED_AUTOS = YES_AGGRESSIVE;
				GCC_WARN_UNUSED_FUNCTION = YES;
				GCC_WARN_UNUSED_VARIABLE = YES;
				IPHONEOS_DEPLOYMENT_TARGET = 16.2;
				MTL_ENABLE_DEBUG_INFO = NO;
				MTL_FAST_MATH = YES;
				SDKROOT = iphoneos;
				SWIFT_COMPILATION_MODE = wholemodule;
				SWIFT_OPTIMIZATION_LEVEL = "-O";
				VALIDATE_PRODUCT = YES;
			};
			name = Release;
		};
		8991B7782C7B867F004D2B5D /* Debug */ = {
			isa = XCBuildConfiguration;
			buildSettings = {
				ASSETCATALOG_COMPILER_APPICON_NAME = AppIcon;
				ASSETCATALOG_COMPILER_GLOBAL_ACCENT_COLOR_NAME = AccentColor;
				CODE_SIGN_STYLE = Automatic;
				CURRENT_PROJECT_VERSION = 1;
				GENERATE_INFOPLIST_FILE = YES;
				INFOPLIST_FILE = Walmart_Assessment/Info.plist;
				INFOPLIST_KEY_UIApplicationSupportsIndirectInputEvents = YES;
				INFOPLIST_KEY_UILaunchStoryboardName = LaunchScreen;
				INFOPLIST_KEY_UIMainStoryboardFile = Main;
				INFOPLIST_KEY_UISupportedInterfaceOrientations = UIInterfaceOrientationPortrait;
				LD_RUNPATH_SEARCH_PATHS = (
					"$(inherited)",
					"@executable_path/Frameworks",
				);
				MARKETING_VERSION = 1.0;
				PRODUCT_BUNDLE_IDENTIFIER = "com..Walmart-Assessment";
				PRODUCT_NAME = "$(TARGET_NAME)";
				SWIFT_EMIT_LOC_STRINGS = YES;
				SWIFT_VERSION = 5.0;
				TARGETED_DEVICE_FAMILY = "1,2";
			};
			name = Debug;
		};
		8991B7792C7B867F004D2B5D /* Release */ = {
			isa = XCBuildConfiguration;
			buildSettings = {
				ASSETCATALOG_COMPILER_APPICON_NAME = AppIcon;
				ASSETCATALOG_COMPILER_GLOBAL_ACCENT_COLOR_NAME = AccentColor;
				CODE_SIGN_STYLE = Automatic;
				CURRENT_PROJECT_VERSION = 1;
				GENERATE_INFOPLIST_FILE = YES;
				INFOPLIST_FILE = Walmart_Assessment/Info.plist;
				INFOPLIST_KEY_UIApplicationSupportsIndirectInputEvents = YES;
				INFOPLIST_KEY_UILaunchStoryboardName = LaunchScreen;
				INFOPLIST_KEY_UIMainStoryboardFile = Main;
				INFOPLIST_KEY_UISupportedInterfaceOrientations = UIInterfaceOrientationPortrait;
				LD_RUNPATH_SEARCH_PATHS = (
					"$(inherited)",
					"@executable_path/Frameworks",
				);
				MARKETING_VERSION = 1.0;
				PRODUCT_BUNDLE_IDENTIFIER = "com..Walmart-Assessment";
				PRODUCT_NAME = "$(TARGET_NAME)";
				SWIFT_EMIT_LOC_STRINGS = YES;
				SWIFT_VERSION = 5.0;
				TARGETED_DEVICE_FAMILY = "1,2";
			};
			name = Release;
		};
/* End XCBuildConfiguration section */

/* Begin XCConfigurationList section */
		8991B75B2C7B8673004D2B5D /* Build configuration list for PBXProject "Walmart_Assessment" */ = {
			isa = XCConfigurationList;
			buildConfigurations = (
				8991B7752C7B867F004D2B5D /* Debug */,
				8991B7762C7B867F004D2B5D /* Release */,
			);
			defaultConfigurationIsVisible = 0;
			defaultConfigurationName = Release;
		};
		8991B7772C7B867F004D2B5D /* Build configuration list for PBXNativeTarget "Walmart_Assessment" */ = {
			isa = XCConfigurationList;
			buildConfigurations = (
				8991B7782C7B867F004D2B5D /* Debug */,
				8991B7792C7B867F004D2B5D /* Release */,
			);
			defaultConfigurationIsVisible = 0;
			defaultConfigurationName = Release;
		};
/* End XCConfigurationList section */

/* Begin XCVersionGroup section */
		8991B76C2C7B8674004D2B5D /* Walmart_Assessment.xcdatamodeld */ = {
			isa = XCVersionGroup;
			children = (
				8991B76D2C7B8674004D2B5D /* Walmart_Assessment.xcdatamodel */,
			);
			currentVersion = 8991B76D2C7B8674004D2B5D /* Walmart_Assessment.xcdatamodel */;
			path = Walmart_Assessment.xcdatamodeld;
			sourceTree = "<group>";
			versionGroupType = wrapper.xcdatamodel;
		};
/* End XCVersionGroup section */
	};
	rootObject = 8991B7582C7B8673004D2B5D /* Project object */;
}
